
Microsoft Visual Studio Solution File, Format Version 12.00
# Visual Studio Version 17
VisualStudioVersion = 17.4.33213.308
MinimumVisualStudioVersion = 10.0.40219.1
Project("{9A19103F-16F7-4668-BE54-9A1E7A4F7556}") = "Retos_Moure", "Retos_Moure\Retos_Moure.csproj", "{09540367-25A8-49E9-8394-845616507653}"
EndProject
Project("{9A19103F-16F7-4668-BE54-9A1E7A4F7556}") = "Retos_Moure.UnitTests", "Retos_Moure.UnitTests\Retos_Moure.UnitTests.csproj", "{05B664A5-6316-4A15-896D-81099F68E44F}"
EndProject
Global
	GlobalSection(SolutionConfigurationPlatforms) = preSolution
		Debug|Any CPU = Debug|Any CPU
		Release|Any CPU = Release|Any CPU
	EndGlobalSection
	GlobalSection(ProjectConfigurationPlatforms) = postSolution
		{09540367-25A8-49E9-8394-845616507653}.Debug|Any CPU.ActiveCfg = Debug|Any CPU
		{09540367-25A8-49E9-8394-845616507653}.Debug|Any CPU.Build.0 = Debug|Any CPU
		{09540367-25A8-49E9-8394-845616507653}.Release|Any CPU.ActiveCfg = Release|Any CPU
		{09540367-25A8-49E9-8394-845616507653}.Release|Any CPU.Build.0 = Release|Any CPU
		{05B664A5-6316-4A15-896D-81099F68E44F}.Debug|Any CPU.ActiveCfg = Debug|Any CPU
		{05B664A5-6316-4A15-896D-81099F68E44F}.Debug|Any CPU.Build.0 = Debug|Any CPU
		{05B664A5-6316-4A15-896D-81099F68E44F}.Release|Any CPU.ActiveCfg = Release|Any CPU
		{05B664A5-6316-4A15-896D-81099F68E44F}.Release|Any CPU.Build.0 = Release|Any CPU
	EndGlobalSection
	GlobalSection(SolutionProperties) = preSolution
		HideSolutionNode = FALSE
	EndGlobalSection
	GlobalSection(ExtensibilityGlobals) = postSolution
		SolutionGuid = {A4D1891D-DEBC-433D-97EF-1274CE66ADE4}
	EndGlobalSection
EndGlobal
